
Microsoft Visual Studio Solution File, Format Version 12.00
# Visual Studio 2012
Project("{FAE04EC0-301F-11D3-BF4B-00C04F79EFBC}") = "EmbeddedStock", "EmbeddedStock\EmbeddedStock.csproj", "{4E723FA9-5ABD-48FA-ACF9-D503C743CF0D}"
EndProject
Global
	GlobalSection(SolutionConfigurationPlatforms) = preSolution
		Debug|Any CPU = Debug|Any CPU
		Release|Any CPU = Release|Any CPU
	EndGlobalSection
	GlobalSection(ProjectConfigurationPlatforms) = postSolution
		{4E723FA9-5ABD-48FA-ACF9-D503C743CF0D}.Debug|Any CPU.ActiveCfg = Debug|Any CPU
		{4E723FA9-5ABD-48FA-ACF9-D503C743CF0D}.Debug|Any CPU.Build.0 = Debug|Any CPU
		{4E723FA9-5ABD-48FA-ACF9-D503C743CF0D}.Release|Any CPU.ActiveCfg = Release|Any CPU
		{4E723FA9-5ABD-48FA-ACF9-D503C743CF0D}.Release|Any CPU.Build.0 = Release|Any CPU
	EndGlobalSection
EndGlobal
